
Microsoft Visual Studio Solution File, Format Version 12.00
# Visual Studio Version 16
VisualStudioVersion = 16.0.810.16
MinimumVisualStudioVersion = 10.0.40219.1
Project("{FAE04EC0-301F-11D3-BF4B-00C04F79EFBC}") = "BlazorClient.Server", "BlazorClient\Server\BlazorClient.Server.csproj", "{98728F0F-633D-441B-B77F-079F7835CE68}"
EndProject
Project("{FAE04EC0-301F-11D3-BF4B-00C04F79EFBC}") = "BlazorClient.Client", "BlazorClient\Client\BlazorClient.Client.csproj", "{3E68A33C-8DD1-4F44-B0CE-9493F4EFD5A6}"
EndProject
Project("{FAE04EC0-301F-11D3-BF4B-00C04F79EFBC}") = "BlazorClient.Shared", "BlazorClient\Shared\BlazorClient.Shared.csproj", "{162E4F95-CAF2-4BF7-A1DE-C904C6F7104F}"
EndProject
Global
	GlobalSection(SolutionConfigurationPlatforms) = preSolution
		Debug|Any CPU = Debug|Any CPU
		Release|Any CPU = Release|Any CPU
	EndGlobalSection
	GlobalSection(ProjectConfigurationPlatforms) = postSolution
		{98728F0F-633D-441B-B77F-079F7835CE68}.Debug|Any CPU.ActiveCfg = Debug|Any CPU
		{98728F0F-633D-441B-B77F-079F7835CE68}.Debug|Any CPU.Build.0 = Debug|Any CPU
		{98728F0F-633D-441B-B77F-079F7835CE68}.Release|Any CPU.ActiveCfg = Release|Any CPU
		{98728F0F-633D-441B-B77F-079F7835CE68}.Release|Any CPU.Build.0 = Release|Any CPU
		{3E68A33C-8DD1-4F44-B0CE-9493F4EFD5A6}.Debug|Any CPU.ActiveCfg = Debug|Any CPU
		{3E68A33C-8DD1-4F44-B0CE-9493F4EFD5A6}.Debug|Any CPU.Build.0 = Debug|Any CPU
		{3E68A33C-8DD1-4F44-B0CE-9493F4EFD5A6}.Release|Any CPU.ActiveCfg = Release|Any CPU
		{3E68A33C-8DD1-4F44-B0CE-9493F4EFD5A6}.Release|Any CPU.Build.0 = Release|Any CPU
		{162E4F95-CAF2-4BF7-A1DE-C904C6F7104F}.Debug|Any CPU.ActiveCfg = Debug|Any CPU
		{162E4F95-CAF2-4BF7-A1DE-C904C6F7104F}.Debug|Any CPU.Build.0 = Debug|Any CPU
		{162E4F95-CAF2-4BF7-A1DE-C904C6F7104F}.Release|Any CPU.ActiveCfg = Release|Any CPU
		{162E4F95-CAF2-4BF7-A1DE-C904C6F7104F}.Release|Any CPU.Build.0 = Release|Any CPU
	EndGlobalSection
	GlobalSection(SolutionProperties) = preSolution
		HideSolutionNode = FALSE
	EndGlobalSection
	GlobalSection(ExtensibilityGlobals) = postSolution
		SolutionGuid = {FFFB51DE-A3CC-462C-A940-256AF723B779}
	EndGlobalSection
EndGlobal
